
Microsoft Visual Studio Solution File, Format Version 12.00
# Visual Studio Version 17
VisualStudioVersion = 17.3.32929.385
MinimumVisualStudioVersion = 10.0.40219.1
Project("{9A19103F-16F7-4668-BE54-9A1E7A4F7556}") = "Renu.Supermarket.Kata", "Renu.Supermarket.Kata\Renu.Supermarket.Kata.csproj", "{8275CBA6-B612-4116-840D-E5363729BE1B}"
EndProject
Project("{9A19103F-16F7-4668-BE54-9A1E7A4F7556}") = "Renu.Supermarket.Kata.Test", "Renu.Supermarket.Kata.Test\Renu.Supermarket.Kata.Test.csproj", "{74FBCC72-01A1-429F-A782-673951CE5873}"
EndProject
Global
	GlobalSection(SolutionConfigurationPlatforms) = preSolution
		Debug|Any CPU = Debug|Any CPU
		Release|Any CPU = Release|Any CPU
	EndGlobalSection
	GlobalSection(ProjectConfigurationPlatforms) = postSolution
		{8275CBA6-B612-4116-840D-E5363729BE1B}.Debug|Any CPU.ActiveCfg = Debug|Any CPU
		{8275CBA6-B612-4116-840D-E5363729BE1B}.Debug|Any CPU.Build.0 = Debug|Any CPU
		{8275CBA6-B612-4116-840D-E5363729BE1B}.Release|Any CPU.ActiveCfg = Release|Any CPU
		{8275CBA6-B612-4116-840D-E5363729BE1B}.Release|Any CPU.Build.0 = Release|Any CPU
		{74FBCC72-01A1-429F-A782-673951CE5873}.Debug|Any CPU.ActiveCfg = Debug|Any CPU
		{74FBCC72-01A1-429F-A782-673951CE5873}.Debug|Any CPU.Build.0 = Debug|Any CPU
		{74FBCC72-01A1-429F-A782-673951CE5873}.Release|Any CPU.ActiveCfg = Release|Any CPU
		{74FBCC72-01A1-429F-A782-673951CE5873}.Release|Any CPU.Build.0 = Release|Any CPU
	EndGlobalSection
	GlobalSection(SolutionProperties) = preSolution
		HideSolutionNode = FALSE
	EndGlobalSection
	GlobalSection(ExtensibilityGlobals) = postSolution
		SolutionGuid = {2F506E00-333A-47D7-A7F3-2B3CE64B3791}
	EndGlobalSection
EndGlobal
