
Microsoft Visual Studio Solution File, Format Version 12.00
# Visual Studio Version 17
VisualStudioVersion = 17.12.35707.178 d17.12
MinimumVisualStudioVersion = 10.0.40219.1
Project("{FAE04EC0-301F-11D3-BF4B-00C04F79EFBC}") = "RobotWarServerless", "RobotWarServerless\src\RobotWarServerless\RobotWarServerless.csproj", "{6F3F5D61-5D0F-4071-9311-D9832927E076}"
EndProject
Project("{FAE04EC0-301F-11D3-BF4B-00C04F79EFBC}") = "RobotWarServerlessTests", "RobotWarServerless\src\RobotWarServerlessTests\RobotWarServerlessTests.csproj", "{DD38B486-EB2D-4168-B3A2-70A33934C4FC}"
EndProject
Global
	GlobalSection(SolutionConfigurationPlatforms) = preSolution
		Debug|Any CPU = Debug|Any CPU
		Release|Any CPU = Release|Any CPU
	EndGlobalSection
	GlobalSection(ProjectConfigurationPlatforms) = postSolution
		{6F3F5D61-5D0F-4071-9311-D9832927E076}.Debug|Any CPU.ActiveCfg = Debug|Any CPU
		{6F3F5D61-5D0F-4071-9311-D9832927E076}.Debug|Any CPU.Build.0 = Debug|Any CPU
		{6F3F5D61-5D0F-4071-9311-D9832927E076}.Release|Any CPU.ActiveCfg = Release|Any CPU
		{6F3F5D61-5D0F-4071-9311-D9832927E076}.Release|Any CPU.Build.0 = Release|Any CPU
		{DD38B486-EB2D-4168-B3A2-70A33934C4FC}.Debug|Any CPU.ActiveCfg = Debug|Any CPU
		{DD38B486-EB2D-4168-B3A2-70A33934C4FC}.Debug|Any CPU.Build.0 = Debug|Any CPU
		{DD38B486-EB2D-4168-B3A2-70A33934C4FC}.Release|Any CPU.ActiveCfg = Release|Any CPU
		{DD38B486-EB2D-4168-B3A2-70A33934C4FC}.Release|Any CPU.Build.0 = Release|Any CPU
	EndGlobalSection
	GlobalSection(SolutionProperties) = preSolution
		HideSolutionNode = FALSE
	EndGlobalSection
EndGlobal
