
Microsoft Visual Studio Solution File, Format Version 12.00
# Visual Studio Version 17
VisualStudioVersion = 17.12.35707.178 d17.12
MinimumVisualStudioVersion = 10.0.40219.1
Project("{FAE04EC0-301F-11D3-BF4B-00C04F79EFBC}") = "RobotWarsLambda", "RobotWarsLambda\RobotWarsLambda.csproj", "{BBCDA62B-0DCC-4C50-AFEE-683F9951209A}"
EndProject
Project("{FAE04EC0-301F-11D3-BF4B-00C04F79EFBC}") = "RobotWars.Domain", "RobotWars.Domain\RobotWars.Domain.csproj", "{F021BAC7-AD55-4F69-83A1-17429C7A5F7C}"
EndProject
Project("{FAE04EC0-301F-11D3-BF4B-00C04F79EFBC}") = "RobotWars.Application", "RobotWars.Application\RobotWars.Application.csproj", "{36D4CB83-2B72-45E6-BC08-4AF20A4A4D6A}"
EndProject
Project("{FAE04EC0-301F-11D3-BF4B-00C04F79EFBC}") = "RobotWars.Tests", "RobotWars.Tests\RobotWars.Tests.csproj", "{119C8290-F044-4BDE-B13F-1B659E072B60}"
EndProject
Global
	GlobalSection(SolutionConfigurationPlatforms) = preSolution
		Debug|Any CPU = Debug|Any CPU
		Release|Any CPU = Release|Any CPU
	EndGlobalSection
	GlobalSection(ProjectConfigurationPlatforms) = postSolution
		{BBCDA62B-0DCC-4C50-AFEE-683F9951209A}.Debug|Any CPU.ActiveCfg = Debug|Any CPU
		{BBCDA62B-0DCC-4C50-AFEE-683F9951209A}.Debug|Any CPU.Build.0 = Debug|Any CPU
		{BBCDA62B-0DCC-4C50-AFEE-683F9951209A}.Release|Any CPU.ActiveCfg = Release|Any CPU
		{BBCDA62B-0DCC-4C50-AFEE-683F9951209A}.Release|Any CPU.Build.0 = Release|Any CPU
		{F021BAC7-AD55-4F69-83A1-17429C7A5F7C}.Debug|Any CPU.ActiveCfg = Debug|Any CPU
		{F021BAC7-AD55-4F69-83A1-17429C7A5F7C}.Debug|Any CPU.Build.0 = Debug|Any CPU
		{F021BAC7-AD55-4F69-83A1-17429C7A5F7C}.Release|Any CPU.ActiveCfg = Release|Any CPU
		{F021BAC7-AD55-4F69-83A1-17429C7A5F7C}.Release|Any CPU.Build.0 = Release|Any CPU
		{36D4CB83-2B72-45E6-BC08-4AF20A4A4D6A}.Debug|Any CPU.ActiveCfg = Debug|Any CPU
		{36D4CB83-2B72-45E6-BC08-4AF20A4A4D6A}.Debug|Any CPU.Build.0 = Debug|Any CPU
		{36D4CB83-2B72-45E6-BC08-4AF20A4A4D6A}.Release|Any CPU.ActiveCfg = Release|Any CPU
		{36D4CB83-2B72-45E6-BC08-4AF20A4A4D6A}.Release|Any CPU.Build.0 = Release|Any CPU
		{119C8290-F044-4BDE-B13F-1B659E072B60}.Debug|Any CPU.ActiveCfg = Debug|Any CPU
		{119C8290-F044-4BDE-B13F-1B659E072B60}.Debug|Any CPU.Build.0 = Debug|Any CPU
		{119C8290-F044-4BDE-B13F-1B659E072B60}.Release|Any CPU.ActiveCfg = Release|Any CPU
		{119C8290-F044-4BDE-B13F-1B659E072B60}.Release|Any CPU.Build.0 = Release|Any CPU
	EndGlobalSection
	GlobalSection(SolutionProperties) = preSolution
		HideSolutionNode = FALSE
	EndGlobalSection
EndGlobal
